
Microsoft Visual Studio Solution File, Format Version 12.00
# Visual Studio 15
VisualStudioVersion = 15.0.26730.16
MinimumVisualStudioVersion = 10.0.40219.1
Project("{D954291E-2A0B-460D-934E-DC6B0785DB48}") = "ShoppingAssistant", "ShoppingAssistant\ShoppingAssistant\ShoppingAssistant.shproj", "{51F042C1-0160-41F3-8CFA-4BA6A01DA60A}"
EndProject
Project("{FAE04EC0-301F-11D3-BF4B-00C04F79EFBC}") = "ShoppingAssistant.Android", "ShoppingAssistant\ShoppingAssistant.Android\ShoppingAssistant.Android.csproj", "{07801F52-E2C0-48BA-BF6F-CED8FA99D447}"
EndProject
Project("{FAE04EC0-301F-11D3-BF4B-00C04F79EFBC}") = "ShoppingAssistant.iOS", "ShoppingAssistant\ShoppingAssistant.iOS\ShoppingAssistant.iOS.csproj", "{1042534B-8E55-4F90-8154-23BB89FCBEF8}"
EndProject
Project("{FAE04EC0-301F-11D3-BF4B-00C04F79EFBC}") = "ShoppingAssistant.UWP", "ShoppingAssistant\ShoppingAssistant.UWP\ShoppingAssistant.UWP.csproj", "{E2632FC1-AA2C-4A0C-AAE5-B51BE9259DB0}"
EndProject
Global
	GlobalSection(SharedMSBuildProjectFiles) = preSolution
		ShoppingAssistant\ShoppingAssistant\ShoppingAssistant.projitems*{07801f52-e2c0-48ba-bf6f-ced8fa99d447}*SharedItemsImports = 4
		ShoppingAssistant\ShoppingAssistant\ShoppingAssistant.projitems*{1042534b-8e55-4f90-8154-23bb89fcbef8}*SharedItemsImports = 4
		ShoppingAssistant\ShoppingAssistant\ShoppingAssistant.projitems*{51f042c1-0160-41f3-8cfa-4ba6a01da60a}*SharedItemsImports = 13
		ShoppingAssistant\ShoppingAssistant\ShoppingAssistant.projitems*{e2632fc1-aa2c-4a0c-aae5-b51be9259db0}*SharedItemsImports = 4
	EndGlobalSection
	GlobalSection(SolutionConfigurationPlatforms) = preSolution
		Ad-Hoc|Any CPU = Ad-Hoc|Any CPU
		Ad-Hoc|ARM = Ad-Hoc|ARM
		Ad-Hoc|iPhone = Ad-Hoc|iPhone
		Ad-Hoc|iPhoneSimulator = Ad-Hoc|iPhoneSimulator
		Ad-Hoc|x64 = Ad-Hoc|x64
		Ad-Hoc|x86 = Ad-Hoc|x86
		AppStore|Any CPU = AppStore|Any CPU
		AppStore|ARM = AppStore|ARM
		AppStore|iPhone = AppStore|iPhone
		AppStore|iPhoneSimulator = AppStore|iPhoneSimulator
		AppStore|x64 = AppStore|x64
		AppStore|x86 = AppStore|x86
		Debug|Any CPU = Debug|Any CPU
		Debug|ARM = Debug|ARM
		Debug|iPhone = Debug|iPhone
		Debug|iPhoneSimulator = Debug|iPhoneSimulator
		Debug|x64 = Debug|x64
		Debug|x86 = Debug|x86
		Release|Any CPU = Release|Any CPU
		Release|ARM = Release|ARM
		Release|iPhone = Release|iPhone
		Release|iPhoneSimulator = Release|iPhoneSimulator
		Release|x64 = Release|x64
		Release|x86 = Release|x86
	EndGlobalSection
	GlobalSection(ProjectConfigurationPlatforms) = postSolution
		{07801F52-E2C0-48BA-BF6F-CED8FA99D447}.Ad-Hoc|Any CPU.ActiveCfg = Release|Any CPU
		{07801F52-E2C0-48BA-BF6F-CED8FA99D447}.Ad-Hoc|Any CPU.Build.0 = Release|Any CPU
		{07801F52-E2C0-48BA-BF6F-CED8FA99D447}.Ad-Hoc|Any CPU.Deploy.0 = Release|Any CPU
		{07801F52-E2C0-48BA-BF6F-CED8FA99D447}.Ad-Hoc|ARM.ActiveCfg = Release|Any CPU
		{07801F52-E2C0-48BA-BF6F-CED8FA99D447}.Ad-Hoc|ARM.Build.0 = Release|Any CPU
		{07801F52-E2C0-48BA-BF6F-CED8FA99D447}.Ad-Hoc|ARM.Deploy.0 = Release|Any CPU
		{07801F52-E2C0-48BA-BF6F-CED8FA99D447}.Ad-Hoc|iPhone.ActiveCfg = Release|Any CPU
		{07801F52-E2C0-48BA-BF6F-CED8FA99D447}.Ad-Hoc|iPhone.Build.0 = Release|Any CPU
		{07801F52-E2C0-48BA-BF6F-CED8FA99D447}.Ad-Hoc|iPhone.Deploy.0 = Release|Any CPU
		{07801F52-E2C0-48BA-BF6F-CED8FA99D447}.Ad-Hoc|iPhoneSimulator.ActiveCfg = Release|Any CPU
		{07801F52-E2C0-48BA-BF6F-CED8FA99D447}.Ad-Hoc|iPhoneSimulator.Build.0 = Release|Any CPU
		{07801F52-E2C0-48BA-BF6F-CED8FA99D447}.Ad-Hoc|iPhoneSimulator.Deploy.0 = Release|Any CPU
		{07801F52-E2C0-48BA-BF6F-CED8FA99D447}.Ad-Hoc|x64.ActiveCfg = Release|Any CPU
		{07801F52-E2C0-48BA-BF6F-CED8FA99D447}.Ad-Hoc|x64.Build.0 = Release|Any CPU
		{07801F52-E2C0-48BA-BF6F-CED8FA99D447}.Ad-Hoc|x64.Deploy.0 = Release|Any CPU
		{07801F52-E2C0-48BA-BF6F-CED8FA99D447}.Ad-Hoc|x86.ActiveCfg = Release|Any CPU
		{07801F52-E2C0-48BA-BF6F-CED8FA99D447}.Ad-Hoc|x86.Build.0 = Release|Any CPU
		{07801F52-E2C0-48BA-BF6F-CED8FA99D447}.Ad-Hoc|x86.Deploy.0 = Release|Any CPU
		{07801F52-E2C0-48BA-BF6F-CED8FA99D447}.AppStore|Any CPU.ActiveCfg = Release|Any CPU
		{07801F52-E2C0-48BA-BF6F-CED8FA99D447}.AppStore|Any CPU.Build.0 = Release|Any CPU
		{07801F52-E2C0-48BA-BF6F-CED8FA99D447}.AppStore|Any CPU.Deploy.0 = Release|Any CPU
		{07801F52-E2C0-48BA-BF6F-CED8FA99D447}.AppStore|ARM.ActiveCfg = Release|Any CPU
		{07801F52-E2C0-48BA-BF6F-CED8FA99D447}.AppStore|ARM.Build.0 = Release|Any CPU
		{07801F52-E2C0-48BA-BF6F-CED8FA99D447}.AppStore|ARM.Deploy.0 = Release|Any CPU
		{07801F52-E2C0-48BA-BF6F-CED8FA99D447}.AppStore|iPhone.ActiveCfg = Release|Any CPU
		{07801F52-E2C0-48BA-BF6F-CED8FA99D447}.AppStore|iPhone.Build.0 = Release|Any CPU
		{07801F52-E2C0-48BA-BF6F-CED8FA99D447}.AppStore|iPhone.Deploy.0 = Release|Any CPU
		{07801F52-E2C0-48BA-BF6F-CED8FA99D447}.AppStore|iPhoneSimulator.ActiveCfg = Release|Any CPU
		{07801F52-E2C0-48BA-BF6F-CED8FA99D447}.AppStore|iPhoneSimulator.Build.0 = Release|Any CPU
		{07801F52-E2C0-48BA-BF6F-CED8FA99D447}.AppStore|iPhoneSimulator.Deploy.0 = Release|Any CPU
		{07801F52-E2C0-48BA-BF6F-CED8FA99D447}.AppStore|x64.ActiveCfg = Release|Any CPU
		{07801F52-E2C0-48BA-BF6F-CED8FA99D447}.AppStore|x64.Build.0 = Release|Any CPU
		{07801F52-E2C0-48BA-BF6F-CED8FA99D447}.AppStore|x64.Deploy.0 = Release|Any CPU
		{07801F52-E2C0-48BA-BF6F-CED8FA99D447}.AppStore|x86.ActiveCfg = Release|Any CPU
		{07801F52-E2C0-48BA-BF6F-CED8FA99D447}.AppStore|x86.Build.0 = Release|Any CPU
		{07801F52-E2C0-48BA-BF6F-CED8FA99D447}.AppStore|x86.Deploy.0 = Release|Any CPU
		{07801F52-E2C0-48BA-BF6F-CED8FA99D447}.Debug|Any CPU.ActiveCfg = Debug|Any CPU
		{07801F52-E2C0-48BA-BF6F-CED8FA99D447}.Debug|Any CPU.Build.0 = Debug|Any CPU
		{07801F52-E2C0-48BA-BF6F-CED8FA99D447}.Debug|Any CPU.Deploy.0 = Debug|Any CPU
		{07801F52-E2C0-48BA-BF6F-CED8FA99D447}.Debug|ARM.ActiveCfg = Debug|Any CPU
		{07801F52-E2C0-48BA-BF6F-CED8FA99D447}.Debug|ARM.Build.0 = Debug|Any CPU
		{07801F52-E2C0-48BA-BF6F-CED8FA99D447}.Debug|ARM.Deploy.0 = Debug|Any CPU
		{07801F52-E2C0-48BA-BF6F-CED8FA99D447}.Debug|iPhone.ActiveCfg = Debug|Any CPU
		{07801F52-E2C0-48BA-BF6F-CED8FA99D447}.Debug|iPhone.Build.0 = Debug|Any CPU
		{07801F52-E2C0-48BA-BF6F-CED8FA99D447}.Debug|iPhone.Deploy.0 = Debug|Any CPU
		{07801F52-E2C0-48BA-BF6F-CED8FA99D447}.Debug|iPhoneSimulator.ActiveCfg = Debug|Any CPU
		{07801F52-E2C0-48BA-BF6F-CED8FA99D447}.Debug|iPhoneSimulator.Build.0 = Debug|Any CPU
		{07801F52-E2C0-48BA-BF6F-CED8FA99D447}.Debug|iPhoneSimulator.Deploy.0 = Debug|Any CPU
		{07801F52-E2C0-48BA-BF6F-CED8FA99D447}.Debug|x64.ActiveCfg = Debug|Any CPU
		{07801F52-E2C0-48BA-BF6F-CED8FA99D447}.Debug|x64.Build.0 = Debug|Any CPU
		{07801F52-E2C0-48BA-BF6F-CED8FA99D447}.Debug|x64.Deploy.0 = Debug|Any CPU
		{07801F52-E2C0-48BA-BF6F-CED8FA99D447}.Debug|x86.ActiveCfg = Debug|Any CPU
		{07801F52-E2C0-48BA-BF6F-CED8FA99D447}.Debug|x86.Build.0 = Debug|Any CPU
		{07801F52-E2C0-48BA-BF6F-CED8FA99D447}.Debug|x86.Deploy.0 = Debug|Any CPU
		{07801F52-E2C0-48BA-BF6F-CED8FA99D447}.Release|Any CPU.ActiveCfg = Release|Any CPU
		{07801F52-E2C0-48BA-BF6F-CED8FA99D447}.Release|Any CPU.Build.0 = Release|Any CPU
		{07801F52-E2C0-48BA-BF6F-CED8FA99D447}.Release|Any CPU.Deploy.0 = Release|Any CPU
		{07801F52-E2C0-48BA-BF6F-CED8FA99D447}.Release|ARM.ActiveCfg = Release|Any CPU
		{07801F52-E2C0-48BA-BF6F-CED8FA99D447}.Release|ARM.Build.0 = Release|Any CPU
		{07801F52-E2C0-48BA-BF6F-CED8FA99D447}.Release|ARM.Deploy.0 = Release|Any CPU
		{07801F52-E2C0-48BA-BF6F-CED8FA99D447}.Release|iPhone.ActiveCfg = Release|Any CPU
		{07801F52-E2C0-48BA-BF6F-CED8FA99D447}.Release|iPhone.Build.0 = Release|Any CPU
		{07801F52-E2C0-48BA-BF6F-CED8FA99D447}.Release|iPhone.Deploy.0 = Release|Any CPU
		{07801F52-E2C0-48BA-BF6F-CED8FA99D447}.Release|iPhoneSimulator.ActiveCfg = Release|Any CPU
		{07801F52-E2C0-48BA-BF6F-CED8FA99D447}.Release|iPhoneSimulator.Build.0 = Release|Any CPU
		{07801F52-E2C0-48BA-BF6F-CED8FA99D447}.Release|iPhoneSimulator.Deploy.0 = Release|Any CPU
		{07801F52-E2C0-48BA-BF6F-CED8FA99D447}.Release|x64.ActiveCfg = Release|Any CPU
		{07801F52-E2C0-48BA-BF6F-CED8FA99D447}.Release|x64.Build.0 = Release|Any CPU
		{07801F52-E2C0-48BA-BF6F-CED8FA99D447}.Release|x64.Deploy.0 = Release|Any CPU
		{07801F52-E2C0-48BA-BF6F-CED8FA99D447}.Release|x86.ActiveCfg = Release|Any CPU
		{07801F52-E2C0-48BA-BF6F-CED8FA99D447}.Release|x86.Build.0 = Release|Any CPU
		{07801F52-E2C0-48BA-BF6F-CED8FA99D447}.Release|x86.Deploy.0 = Release|Any CPU
		{1042534B-8E55-4F90-8154-23BB89FCBEF8}.Ad-Hoc|Any CPU.ActiveCfg = Ad-Hoc|iPhone
		{1042534B-8E55-4F90-8154-23BB89FCBEF8}.Ad-Hoc|ARM.ActiveCfg = Ad-Hoc|iPhone
		{1042534B-8E55-4F90-8154-23BB89FCBEF8}.Ad-Hoc|iPhone.ActiveCfg = Ad-Hoc|iPhone
		{1042534B-8E55-4F90-8154-23BB89FCBEF8}.Ad-Hoc|iPhone.Build.0 = Ad-Hoc|iPhone
		{1042534B-8E55-4F90-8154-23BB89FCBEF8}.Ad-Hoc|iPhoneSimulator.ActiveCfg = Ad-Hoc|iPhoneSimulator
		{1042534B-8E55-4F90-8154-23BB89FCBEF8}.Ad-Hoc|iPhoneSimulator.Build.0 = Ad-Hoc|iPhoneSimulator
		{1042534B-8E55-4F90-8154-23BB89FCBEF8}.Ad-Hoc|x64.ActiveCfg = Ad-Hoc|iPhone
		{1042534B-8E55-4F90-8154-23BB89FCBEF8}.Ad-Hoc|x86.ActiveCfg = Ad-Hoc|iPhone
		{1042534B-8E55-4F90-8154-23BB89FCBEF8}.AppStore|Any CPU.ActiveCfg = AppStore|iPhone
		{1042534B-8E55-4F90-8154-23BB89FCBEF8}.AppStore|ARM.ActiveCfg = AppStore|iPhone
		{1042534B-8E55-4F90-8154-23BB89FCBEF8}.AppStore|iPhone.ActiveCfg = AppStore|iPhone
		{1042534B-8E55-4F90-8154-23BB89FCBEF8}.AppStore|iPhone.Build.0 = AppStore|iPhone
		{1042534B-8E55-4F90-8154-23BB89FCBEF8}.AppStore|iPhoneSimulator.ActiveCfg = AppStore|iPhoneSimulator
		{1042534B-8E55-4F90-8154-23BB89FCBEF8}.AppStore|iPhoneSimulator.Build.0 = AppStore|iPhoneSimulator
		{1042534B-8E55-4F90-8154-23BB89FCBEF8}.AppStore|x64.ActiveCfg = AppStore|iPhone
		{1042534B-8E55-4F90-8154-23BB89FCBEF8}.AppStore|x86.ActiveCfg = AppStore|iPhone
		{1042534B-8E55-4F90-8154-23BB89FCBEF8}.Debug|Any CPU.ActiveCfg = Debug|iPhone
		{1042534B-8E55-4F90-8154-23BB89FCBEF8}.Debug|ARM.ActiveCfg = Debug|iPhone
		{1042534B-8E55-4F90-8154-23BB89FCBEF8}.Debug|iPhone.ActiveCfg = Debug|iPhone
		{1042534B-8E55-4F90-8154-23BB89FCBEF8}.Debug|iPhone.Build.0 = Debug|iPhone
		{1042534B-8E55-4F90-8154-23BB89FCBEF8}.Debug|iPhoneSimulator.ActiveCfg = Debug|iPhoneSimulator
		{1042534B-8E55-4F90-8154-23BB89FCBEF8}.Debug|iPhoneSimulator.Build.0 = Debug|iPhoneSimulator
		{1042534B-8E55-4F90-8154-23BB89FCBEF8}.Debug|x64.ActiveCfg = Debug|iPhone
		{1042534B-8E55-4F90-8154-23BB89FCBEF8}.Debug|x86.ActiveCfg = Debug|iPhone
		{1042534B-8E55-4F90-8154-23BB89FCBEF8}.Release|Any CPU.ActiveCfg = Release|iPhone
		{1042534B-8E55-4F90-8154-23BB89FCBEF8}.Release|ARM.ActiveCfg = Release|iPhone
		{1042534B-8E55-4F90-8154-23BB89FCBEF8}.Release|iPhone.ActiveCfg = Release|iPhone
		{1042534B-8E55-4F90-8154-23BB89FCBEF8}.Release|iPhone.Build.0 = Release|iPhone
		{1042534B-8E55-4F90-8154-23BB89FCBEF8}.Release|iPhoneSimulator.ActiveCfg = Release|iPhoneSimulator
		{1042534B-8E55-4F90-8154-23BB89FCBEF8}.Release|iPhoneSimulator.Build.0 = Release|iPhoneSimulator
		{1042534B-8E55-4F90-8154-23BB89FCBEF8}.Release|x64.ActiveCfg = Release|iPhone
		{1042534B-8E55-4F90-8154-23BB89FCBEF8}.Release|x86.ActiveCfg = Release|iPhone
		{E2632FC1-AA2C-4A0C-AAE5-B51BE9259DB0}.Ad-Hoc|Any CPU.ActiveCfg = Release|x86
		{E2632FC1-AA2C-4A0C-AAE5-B51BE9259DB0}.Ad-Hoc|Any CPU.Build.0 = Release|x86
		{E2632FC1-AA2C-4A0C-AAE5-B51BE9259DB0}.Ad-Hoc|Any CPU.Deploy.0 = Release|x86
		{E2632FC1-AA2C-4A0C-AAE5-B51BE9259DB0}.Ad-Hoc|ARM.ActiveCfg = Release|ARM
		{E2632FC1-AA2C-4A0C-AAE5-B51BE9259DB0}.Ad-Hoc|ARM.Build.0 = Release|ARM
		{E2632FC1-AA2C-4A0C-AAE5-B51BE9259DB0}.Ad-Hoc|ARM.Deploy.0 = Release|ARM
		{E2632FC1-AA2C-4A0C-AAE5-B51BE9259DB0}.Ad-Hoc|iPhone.ActiveCfg = Release|x86
		{E2632FC1-AA2C-4A0C-AAE5-B51BE9259DB0}.Ad-Hoc|iPhone.Build.0 = Release|x86
		{E2632FC1-AA2C-4A0C-AAE5-B51BE9259DB0}.Ad-Hoc|iPhone.Deploy.0 = Release|x86
		{E2632FC1-AA2C-4A0C-AAE5-B51BE9259DB0}.Ad-Hoc|iPhoneSimulator.ActiveCfg = Release|x86
		{E2632FC1-AA2C-4A0C-AAE5-B51BE9259DB0}.Ad-Hoc|iPhoneSimulator.Build.0 = Release|x86
		{E2632FC1-AA2C-4A0C-AAE5-B51BE9259DB0}.Ad-Hoc|iPhoneSimulator.Deploy.0 = Release|x86
		{E2632FC1-AA2C-4A0C-AAE5-B51BE9259DB0}.Ad-Hoc|x64.ActiveCfg = Release|x64
		{E2632FC1-AA2C-4A0C-AAE5-B51BE9259DB0}.Ad-Hoc|x64.Build.0 = Release|x64
		{E2632FC1-AA2C-4A0C-AAE5-B51BE9259DB0}.Ad-Hoc|x64.Deploy.0 = Release|x64
		{E2632FC1-AA2C-4A0C-AAE5-B51BE9259DB0}.Ad-Hoc|x86.ActiveCfg = Release|x86
		{E2632FC1-AA2C-4A0C-AAE5-B51BE9259DB0}.Ad-Hoc|x86.Build.0 = Release|x86
		{E2632FC1-AA2C-4A0C-AAE5-B51BE9259DB0}.Ad-Hoc|x86.Deploy.0 = Release|x86
		{E2632FC1-AA2C-4A0C-AAE5-B51BE9259DB0}.AppStore|Any CPU.ActiveCfg = Release|x86
		{E2632FC1-AA2C-4A0C-AAE5-B51BE9259DB0}.AppStore|Any CPU.Build.0 = Release|x86
		{E2632FC1-AA2C-4A0C-AAE5-B51BE9259DB0}.AppStore|Any CPU.Deploy.0 = Release|x86
		{E2632FC1-AA2C-4A0C-AAE5-B51BE9259DB0}.AppStore|ARM.ActiveCfg = Release|ARM
		{E2632FC1-AA2C-4A0C-AAE5-B51BE9259DB0}.AppStore|ARM.Build.0 = Release|ARM
		{E2632FC1-AA2C-4A0C-AAE5-B51BE9259DB0}.AppStore|ARM.Deploy.0 = Release|ARM
		{E2632FC1-AA2C-4A0C-AAE5-B51BE9259DB0}.AppStore|iPhone.ActiveCfg = Release|x86
		{E2632FC1-AA2C-4A0C-AAE5-B51BE9259DB0}.AppStore|iPhone.Build.0 = Release|x86
		{E2632FC1-AA2C-4A0C-AAE5-B51BE9259DB0}.AppStore|iPhone.Deploy.0 = Release|x86
		{E2632FC1-AA2C-4A0C-AAE5-B51BE9259DB0}.AppStore|iPhoneSimulator.ActiveCfg = Release|x86
		{E2632FC1-AA2C-4A0C-AAE5-B51BE9259DB0}.AppStore|iPhoneSimulator.Build.0 = Release|x86
		{E2632FC1-AA2C-4A0C-AAE5-B51BE9259DB0}.AppStore|iPhoneSimulator.Deploy.0 = Release|x86
		{E2632FC1-AA2C-4A0C-AAE5-B51BE9259DB0}.AppStore|x64.ActiveCfg = Release|x64
		{E2632FC1-AA2C-4A0C-AAE5-B51BE9259DB0}.AppStore|x64.Build.0 = Release|x64
		{E2632FC1-AA2C-4A0C-AAE5-B51BE9259DB0}.AppStore|x64.Deploy.0 = Release|x64
		{E2632FC1-AA2C-4A0C-AAE5-B51BE9259DB0}.AppStore|x86.ActiveCfg = Release|x86
		{E2632FC1-AA2C-4A0C-AAE5-B51BE9259DB0}.AppStore|x86.Build.0 = Release|x86
		{E2632FC1-AA2C-4A0C-AAE5-B51BE9259DB0}.AppStore|x86.Deploy.0 = Release|x86
		{E2632FC1-AA2C-4A0C-AAE5-B51BE9259DB0}.Debug|Any CPU.ActiveCfg = Debug|x86
		{E2632FC1-AA2C-4A0C-AAE5-B51BE9259DB0}.Debug|ARM.ActiveCfg = Debug|ARM
		{E2632FC1-AA2C-4A0C-AAE5-B51BE9259DB0}.Debug|ARM.Build.0 = Debug|ARM
		{E2632FC1-AA2C-4A0C-AAE5-B51BE9259DB0}.Debug|ARM.Deploy.0 = Debug|ARM
		{E2632FC1-AA2C-4A0C-AAE5-B51BE9259DB0}.Debug|iPhone.ActiveCfg = Debug|x86
		{E2632FC1-AA2C-4A0C-AAE5-B51BE9259DB0}.Debug|iPhoneSimulator.ActiveCfg = Debug|x86
		{E2632FC1-AA2C-4A0C-AAE5-B51BE9259DB0}.Debug|x64.ActiveCfg = Debug|x64
		{E2632FC1-AA2C-4A0C-AAE5-B51BE9259DB0}.Debug|x64.Build.0 = Debug|x64
		{E2632FC1-AA2C-4A0C-AAE5-B51BE9259DB0}.Debug|x64.Deploy.0 = Debug|x64
		{E2632FC1-AA2C-4A0C-AAE5-B51BE9259DB0}.Debug|x86.ActiveCfg = Debug|x86
		{E2632FC1-AA2C-4A0C-AAE5-B51BE9259DB0}.Debug|x86.Build.0 = Debug|x86
		{E2632FC1-AA2C-4A0C-AAE5-B51BE9259DB0}.Debug|x86.Deploy.0 = Debug|x86
		{E2632FC1-AA2C-4A0C-AAE5-B51BE9259DB0}.Release|Any CPU.ActiveCfg = Release|x86
		{E2632FC1-AA2C-4A0C-AAE5-B51BE9259DB0}.Release|ARM.ActiveCfg = Release|ARM
		{E2632FC1-AA2C-4A0C-AAE5-B51BE9259DB0}.Release|ARM.Build.0 = Release|ARM
		{E2632FC1-AA2C-4A0C-AAE5-B51BE9259DB0}.Release|ARM.Deploy.0 = Release|ARM
		{E2632FC1-AA2C-4A0C-AAE5-B51BE9259DB0}.Release|iPhone.ActiveCfg = Release|x86
		{E2632FC1-AA2C-4A0C-AAE5-B51BE9259DB0}.Release|iPhoneSimulator.ActiveCfg = Release|x86
		{E2632FC1-AA2C-4A0C-AAE5-B51BE9259DB0}.Release|x64.ActiveCfg = Release|x64
		{E2632FC1-AA2C-4A0C-AAE5-B51BE9259DB0}.Release|x64.Build.0 = Release|x64
		{E2632FC1-AA2C-4A0C-AAE5-B51BE9259DB0}.Release|x64.Deploy.0 = Release|x64
		{E2632FC1-AA2C-4A0C-AAE5-B51BE9259DB0}.Release|x86.ActiveCfg = Release|x86
		{E2632FC1-AA2C-4A0C-AAE5-B51BE9259DB0}.Release|x86.Build.0 = Release|x86
		{E2632FC1-AA2C-4A0C-AAE5-B51BE9259DB0}.Release|x86.Deploy.0 = Release|x86
	EndGlobalSection
	GlobalSection(SolutionProperties) = preSolution
		HideSolutionNode = FALSE
	EndGlobalSection
	GlobalSection(ExtensibilityGlobals) = postSolution
		SolutionGuid = {5A1DCE51-DD17-4ED2-8BED-26A5BEF66397}
	EndGlobalSection
EndGlobal
